# This file was autogenerated by Stack.
# You should not edit this file by hand.
# For more information, please see the documentation at:
#   https://docs.haskellstack.org/en/stable/lock_files

packages: []
snapshots:
- completed:
    sha256: 90e6fcdcf6706918ef022ab01214828c550ee637a2d50f4fe96b15742b8bced1
    size: 714102
    url: https://raw.githubusercontent.com/commercialhaskell/stackage-snapshots/master/lts/22/5.yaml
  original: lts-22.5
